
Microsoft Visual Studio Solution File, Format Version 12.00
# Visual Studio Version 16
VisualStudioVersion = 16.0.31402.337
MinimumVisualStudioVersion = 10.0.40219.1
Project("{9A19103F-16F7-4668-BE54-9A1E7A4F7556}") = "CreditCardValidator", "CreditCardValidator\CreditCardValidator.csproj", "{4E9A7C76-7328-48A8-B3F2-91CD35A90FF5}"
EndProject
Project("{FAE04EC0-301F-11D3-BF4B-00C04F79EFBC}") = "CreditCardValidatorTestProject", "CreditCardValidatorTestProject\CreditCardValidatorTestProject.csproj", "{6B3D40A6-936D-4912-BD90-20C79302B1F3}"
EndProject
Global
	GlobalSection(SolutionConfigurationPlatforms) = preSolution
		Debug|Any CPU = Debug|Any CPU
		Release|Any CPU = Release|Any CPU
	EndGlobalSection
	GlobalSection(ProjectConfigurationPlatforms) = postSolution
		{4E9A7C76-7328-48A8-B3F2-91CD35A90FF5}.Debug|Any CPU.ActiveCfg = Debug|Any CPU
		{4E9A7C76-7328-48A8-B3F2-91CD35A90FF5}.Debug|Any CPU.Build.0 = Debug|Any CPU
		{4E9A7C76-7328-48A8-B3F2-91CD35A90FF5}.Release|Any CPU.ActiveCfg = Release|Any CPU
		{4E9A7C76-7328-48A8-B3F2-91CD35A90FF5}.Release|Any CPU.Build.0 = Release|Any CPU
		{6B3D40A6-936D-4912-BD90-20C79302B1F3}.Debug|Any CPU.ActiveCfg = Debug|Any CPU
		{6B3D40A6-936D-4912-BD90-20C79302B1F3}.Debug|Any CPU.Build.0 = Debug|Any CPU
		{6B3D40A6-936D-4912-BD90-20C79302B1F3}.Release|Any CPU.ActiveCfg = Release|Any CPU
		{6B3D40A6-936D-4912-BD90-20C79302B1F3}.Release|Any CPU.Build.0 = Release|Any CPU
	EndGlobalSection
	GlobalSection(SolutionProperties) = preSolution
		HideSolutionNode = FALSE
	EndGlobalSection
	GlobalSection(ExtensibilityGlobals) = postSolution
		SolutionGuid = {D22E5EE9-7FD2-4705-9C85-9FCE9E3176C2}
	EndGlobalSection
EndGlobal
